PODS:
  - Bolts (1.2.0):
    - Bolts/AppLinks (= 1.2.0)
    - Bolts/Tasks (= 1.2.0)
  - Bolts/AppLinks (1.2.0):
    - Bolts/Tasks
  - Bolts/Tasks (1.2.0)
  - FBSDKCoreKit (4.5.1):
    - Bolts (~> 1.1)
    - FBSDKCoreKit/arc (= 4.5.1)
    - FBSDKCoreKit/no-arc (= 4.5.1)
  - FBSDKCoreKit/arc (4.5.1):
    - Bolts (~> 1.1)
  - FBSDKCoreKit/no-arc (4.5.1):
    - Bolts (~> 1.1)
    - FBSDKCoreKit/arc
  - FBSDKLoginKit (4.5.1):
    - FBSDKCoreKit
  - FBSDKShareKit (4.5.1):
    - FBSDKCoreKit
  - GoogleMaps (1.10.1)
  - MBProgressHUD (0.9.1)

DEPENDENCIES:
  - FBSDKCoreKit
  - FBSDKLoginKit
  - FBSDKShareKit
  - GoogleMaps
  - MBProgressHUD (~> 0.8)

SPEC CHECKSUMS:
  Bolts: d176cb1e0012175589e389a9db49b85e27787576
  FBSDKCoreKit: f335eaf6865e1e1597dee1debfb533045500da47
  FBSDKLoginKit: 225cc9a388a92916ee3f3bb14422017b6e44b65b
  FBSDKShareKit: 642034ac9f30793dfd897851b724bb4281750266
  GoogleMaps: ebf08677f181d9c2dcdbd1721d206f02beccc9b1
  MBProgressHUD: c47f2c166c126cf2ce36498d80f33e754d4e93ad

COCOAPODS: 0.38.2
